
Microsoft Visual Studio Solution File, Format Version 12.00
# Visual Studio Version 17
VisualStudioVersion = 17.1.32210.238
MinimumVisualStudioVersion = 10.0.40219.1
Project("{2150E333-8FDC-42A3-9474-1A3956D46DE8}") = "src", "src", "{1EE86D89-055E-470B-AD5A-7E207791804A}"
EndProject
Project("{9A19103F-16F7-4668-BE54-9A1E7A4F7556}") = "Domain", "Domain\Domain.csproj", "{DFC49479-0154-4C1B-B6D9-985FE7933BC5}"
EndProject
Project("{9A19103F-16F7-4668-BE54-9A1E7A4F7556}") = "Application", "Application\Application.csproj", "{76C9201E-84AE-476F-A695-46E81DD6CDD1}"
EndProject
Project("{9A19103F-16F7-4668-BE54-9A1E7A4F7556}") = "Infrastructure", "Infrastructure\Infrastructure.csproj", "{313EA324-B317-49DC-BB24-FCACC48014CD}"
EndProject
Project("{9A19103F-16F7-4668-BE54-9A1E7A4F7556}") = "WebApi", "WebApi\WebApi.csproj", "{58B1CEB1-9410-493A-B310-8F28144E140D}"
EndProject
Project("{2150E333-8FDC-42A3-9474-1A3956D46DE8}") = "tests", "tests", "{FB1D4EF2-6C52-481A-8642-BCF993124A5C}"
EndProject
Project("{9A19103F-16F7-4668-BE54-9A1E7A4F7556}") = "UnitTests", "UnitTests\UnitTests.csproj", "{A9ED23E1-6A8E-4501-8F25-FE1289D8AACB}"
EndProject
Project("{9A19103F-16F7-4668-BE54-9A1E7A4F7556}") = "EndToEndTests", "EndToEndTest\EndToEndTests.csproj", "{CC3D956F-525E-4E08-9767-1D4D96662073}"
EndProject
Global
	GlobalSection(SolutionConfigurationPlatforms) = preSolution
		Debug|Any CPU = Debug|Any CPU
		Release|Any CPU = Release|Any CPU
	EndGlobalSection
	GlobalSection(ProjectConfigurationPlatforms) = postSolution
		{DFC49479-0154-4C1B-B6D9-985FE7933BC5}.Debug|Any CPU.ActiveCfg = Debug|Any CPU
		{DFC49479-0154-4C1B-B6D9-985FE7933BC5}.Debug|Any CPU.Build.0 = Debug|Any CPU
		{DFC49479-0154-4C1B-B6D9-985FE7933BC5}.Release|Any CPU.ActiveCfg = Release|Any CPU
		{DFC49479-0154-4C1B-B6D9-985FE7933BC5}.Release|Any CPU.Build.0 = Release|Any CPU
		{76C9201E-84AE-476F-A695-46E81DD6CDD1}.Debug|Any CPU.ActiveCfg = Debug|Any CPU
		{76C9201E-84AE-476F-A695-46E81DD6CDD1}.Debug|Any CPU.Build.0 = Debug|Any CPU
		{76C9201E-84AE-476F-A695-46E81DD6CDD1}.Release|Any CPU.ActiveCfg = Release|Any CPU
		{76C9201E-84AE-476F-A695-46E81DD6CDD1}.Release|Any CPU.Build.0 = Release|Any CPU
		{313EA324-B317-49DC-BB24-FCACC48014CD}.Debug|Any CPU.ActiveCfg = Debug|Any CPU
		{313EA324-B317-49DC-BB24-FCACC48014CD}.Debug|Any CPU.Build.0 = Debug|Any CPU
		{313EA324-B317-49DC-BB24-FCACC48014CD}.Release|Any CPU.ActiveCfg = Release|Any CPU
		{313EA324-B317-49DC-BB24-FCACC48014CD}.Release|Any CPU.Build.0 = Release|Any CPU
		{58B1CEB1-9410-493A-B310-8F28144E140D}.Debug|Any CPU.ActiveCfg = Debug|Any CPU
		{58B1CEB1-9410-493A-B310-8F28144E140D}.Debug|Any CPU.Build.0 = Debug|Any CPU
		{58B1CEB1-9410-493A-B310-8F28144E140D}.Release|Any CPU.ActiveCfg = Release|Any CPU
		{58B1CEB1-9410-493A-B310-8F28144E140D}.Release|Any CPU.Build.0 = Release|Any CPU
		{A9ED23E1-6A8E-4501-8F25-FE1289D8AACB}.Debug|Any CPU.ActiveCfg = Debug|Any CPU
		{A9ED23E1-6A8E-4501-8F25-FE1289D8AACB}.Debug|Any CPU.Build.0 = Debug|Any CPU
		{A9ED23E1-6A8E-4501-8F25-FE1289D8AACB}.Release|Any CPU.ActiveCfg = Release|Any CPU
		{A9ED23E1-6A8E-4501-8F25-FE1289D8AACB}.Release|Any CPU.Build.0 = Release|Any CPU
		{CC3D956F-525E-4E08-9767-1D4D96662073}.Debug|Any CPU.ActiveCfg = Debug|Any CPU
		{CC3D956F-525E-4E08-9767-1D4D96662073}.Debug|Any CPU.Build.0 = Debug|Any CPU
		{CC3D956F-525E-4E08-9767-1D4D96662073}.Release|Any CPU.ActiveCfg = Release|Any CPU
		{CC3D956F-525E-4E08-9767-1D4D96662073}.Release|Any CPU.Build.0 = Release|Any CPU
	EndGlobalSection
	GlobalSection(SolutionProperties) = preSolution
		HideSolutionNode = FALSE
	EndGlobalSection
	GlobalSection(NestedProjects) = preSolution
		{DFC49479-0154-4C1B-B6D9-985FE7933BC5} = {1EE86D89-055E-470B-AD5A-7E207791804A}
		{76C9201E-84AE-476F-A695-46E81DD6CDD1} = {1EE86D89-055E-470B-AD5A-7E207791804A}
		{313EA324-B317-49DC-BB24-FCACC48014CD} = {1EE86D89-055E-470B-AD5A-7E207791804A}
		{58B1CEB1-9410-493A-B310-8F28144E140D} = {1EE86D89-055E-470B-AD5A-7E207791804A}
		{A9ED23E1-6A8E-4501-8F25-FE1289D8AACB} = {FB1D4EF2-6C52-481A-8642-BCF993124A5C}
		{CC3D956F-525E-4E08-9767-1D4D96662073} = {FB1D4EF2-6C52-481A-8642-BCF993124A5C}
	EndGlobalSection
	GlobalSection(ExtensibilityGlobals) = postSolution
		SolutionGuid = {E965AA40-F35E-411A-8FD7-32B4DDA667F2}
	EndGlobalSection
EndGlobal
